
Microsoft Visual Studio Solution File, Format Version 12.00
# Visual Studio Version 16
VisualStudioVersion = 16.0.30503.244
MinimumVisualStudioVersion = 10.0.40219.1
Project("{FAE04EC0-301F-11D3-BF4B-00C04F79EFBC}") = "Blex.Touch", "Blex.Touch\Blex.Touch.csproj", "{9E4176E2-EF1B-40B8-9FD9-7CCB4F110950}"
EndProject
Project("{FAE04EC0-301F-11D3-BF4B-00C04F79EFBC}") = "Blex.Droid", "Blex.Droid\Blex.Droid.csproj", "{D65D7CD4-C8D7-4C70-830C-3E7FC6CFF807}"
EndProject
Project("{FAE04EC0-301F-11D3-BF4B-00C04F79EFBC}") = "Blex", "Blex\Blex.csproj", "{A08F60FE-7A09-4170-A3CC-40160101FBB1}"
EndProject
Global
	GlobalSection(SolutionConfigurationPlatforms) = preSolution
		Debug|Any CPU = Debug|Any CPU
		Release|Any CPU = Release|Any CPU
	EndGlobalSection
	GlobalSection(ProjectConfigurationPlatforms) = postSolution
		{9E4176E2-EF1B-40B8-9FD9-7CCB4F110950}.Debug|Any CPU.ActiveCfg = Debug|Any CPU
		{9E4176E2-EF1B-40B8-9FD9-7CCB4F110950}.Debug|Any CPU.Build.0 = Debug|Any CPU
		{9E4176E2-EF1B-40B8-9FD9-7CCB4F110950}.Release|Any CPU.ActiveCfg = Release|Any CPU
		{9E4176E2-EF1B-40B8-9FD9-7CCB4F110950}.Release|Any CPU.Build.0 = Release|Any CPU
		{D65D7CD4-C8D7-4C70-830C-3E7FC6CFF807}.Debug|Any CPU.ActiveCfg = Debug|Any CPU
		{D65D7CD4-C8D7-4C70-830C-3E7FC6CFF807}.Debug|Any CPU.Build.0 = Debug|Any CPU
		{D65D7CD4-C8D7-4C70-830C-3E7FC6CFF807}.Release|Any CPU.ActiveCfg = Release|Any CPU
		{D65D7CD4-C8D7-4C70-830C-3E7FC6CFF807}.Release|Any CPU.Build.0 = Release|Any CPU
		{A08F60FE-7A09-4170-A3CC-40160101FBB1}.Debug|Any CPU.ActiveCfg = Debug|Any CPU
		{A08F60FE-7A09-4170-A3CC-40160101FBB1}.Debug|Any CPU.Build.0 = Debug|Any CPU
		{A08F60FE-7A09-4170-A3CC-40160101FBB1}.Release|Any CPU.ActiveCfg = Release|Any CPU
		{A08F60FE-7A09-4170-A3CC-40160101FBB1}.Release|Any CPU.Build.0 = Release|Any CPU
	EndGlobalSection
	GlobalSection(SolutionProperties) = preSolution
		HideSolutionNode = FALSE
	EndGlobalSection
	GlobalSection(ExtensibilityGlobals) = postSolution
		SolutionGuid = {0AD2ADAB-D45A-40ED-B947-2DAB13CCCA36}
	EndGlobalSection
EndGlobal
